
Microsoft Visual Studio Solution File, Format Version 12.00
# Visual Studio Version 17
VisualStudioVersion = 17.0.32112.339
MinimumVisualStudioVersion = 10.0.40219.1
Project("{FAE04EC0-301F-11D3-BF4B-00C04F79EFBC}") = "AccessDoor.UWP", "AccessDoor\AccessDoor.UWP\AccessDoor.UWP.csproj", "{C3B4BEC0-0B4C-4314-AF69-0377EB0486A6}"
EndProject
Project("{FAE04EC0-301F-11D3-BF4B-00C04F79EFBC}") = "AccessDoor.Android", "AccessDoor\AccessDoor.Android\AccessDoor.Android.csproj", "{5924C2A9-69E6-4FAC-8A33-2241527335DA}"
EndProject
Project("{FAE04EC0-301F-11D3-BF4B-00C04F79EFBC}") = "AccessDoor.iOS", "AccessDoor\AccessDoor.iOS\AccessDoor.iOS.csproj", "{CD8C9B45-284B-4090-923E-E285E9258441}"
EndProject
Project("{9A19103F-16F7-4668-BE54-9A1E7A4F7556}") = "AccessDoor", "AccessDoor\AccessDoor\AccessDoor.csproj", "{1E40441A-8B1D-482F-A207-0AC2B0BB1E7F}"
EndProject
Project("{2150E333-8FDC-42A3-9474-1A3956D46DE8}") = "Solution Items", "Solution Items", "{4BB7B329-EB1B-4970-AD66-3D9A4DE4E39F}"
EndProject
Project("{2150E333-8FDC-42A3-9474-1A3956D46DE8}") = "Mobile App", "Mobile App", "{66B6C996-8807-4E17-96A8-26072E1A7256}"
EndProject
Project("{2150E333-8FDC-42A3-9474-1A3956D46DE8}") = "Windows App", "Windows App", "{7F4C388A-05EE-4E57-9677-763F825620EE}"
EndProject
Project("{FAE04EC0-301F-11D3-BF4B-00C04F79EFBC}") = "AccessDoorWinforms", "AccessDoorWinforms\AccessDoorWinforms.csproj", "{EA73D7C4-BFC1-4A1B-AD79-4C70698E4055}"
EndProject
Global
	GlobalSection(SolutionConfigurationPlatforms) = preSolution
		Debug|Any CPU = Debug|Any CPU
		Debug|ARM = Debug|ARM
		Debug|iPhone = Debug|iPhone
		Debug|iPhoneSimulator = Debug|iPhoneSimulator
		Debug|x64 = Debug|x64
		Debug|x86 = Debug|x86
		Release|Any CPU = Release|Any CPU
		Release|ARM = Release|ARM
		Release|iPhone = Release|iPhone
		Release|iPhoneSimulator = Release|iPhoneSimulator
		Release|x64 = Release|x64
		Release|x86 = Release|x86
	EndGlobalSection
	GlobalSection(ProjectConfigurationPlatforms) = postSolution
		{C3B4BEC0-0B4C-4314-AF69-0377EB0486A6}.Debug|Any CPU.ActiveCfg = Debug|x86
		{C3B4BEC0-0B4C-4314-AF69-0377EB0486A6}.Debug|ARM.ActiveCfg = Debug|ARM
		{C3B4BEC0-0B4C-4314-AF69-0377EB0486A6}.Debug|ARM.Build.0 = Debug|ARM
		{C3B4BEC0-0B4C-4314-AF69-0377EB0486A6}.Debug|ARM.Deploy.0 = Debug|ARM
		{C3B4BEC0-0B4C-4314-AF69-0377EB0486A6}.Debug|iPhone.ActiveCfg = Debug|x86
		{C3B4BEC0-0B4C-4314-AF69-0377EB0486A6}.Debug|iPhone.Build.0 = Debug|x86
		{C3B4BEC0-0B4C-4314-AF69-0377EB0486A6}.Debug|iPhone.Deploy.0 = Debug|x86
		{C3B4BEC0-0B4C-4314-AF69-0377EB0486A6}.Debug|iPhoneSimulator.ActiveCfg = Debug|x86
		{C3B4BEC0-0B4C-4314-AF69-0377EB0486A6}.Debug|iPhoneSimulator.Build.0 = Debug|x86
		{C3B4BEC0-0B4C-4314-AF69-0377EB0486A6}.Debug|iPhoneSimulator.Deploy.0 = Debug|x86
		{C3B4BEC0-0B4C-4314-AF69-0377EB0486A6}.Debug|x64.ActiveCfg = Debug|x64
		{C3B4BEC0-0B4C-4314-AF69-0377EB0486A6}.Debug|x64.Build.0 = Debug|x64
		{C3B4BEC0-0B4C-4314-AF69-0377EB0486A6}.Debug|x64.Deploy.0 = Debug|x64
		{C3B4BEC0-0B4C-4314-AF69-0377EB0486A6}.Debug|x86.ActiveCfg = Debug|x86
		{C3B4BEC0-0B4C-4314-AF69-0377EB0486A6}.Debug|x86.Build.0 = Debug|x86
		{C3B4BEC0-0B4C-4314-AF69-0377EB0486A6}.Debug|x86.Deploy.0 = Debug|x86
		{C3B4BEC0-0B4C-4314-AF69-0377EB0486A6}.Release|Any CPU.ActiveCfg = Debug|x86
		{C3B4BEC0-0B4C-4314-AF69-0377EB0486A6}.Release|ARM.ActiveCfg = Release|ARM
		{C3B4BEC0-0B4C-4314-AF69-0377EB0486A6}.Release|ARM.Build.0 = Release|ARM
		{C3B4BEC0-0B4C-4314-AF69-0377EB0486A6}.Release|ARM.Deploy.0 = Release|ARM
		{C3B4BEC0-0B4C-4314-AF69-0377EB0486A6}.Release|iPhone.ActiveCfg = Release|x86
		{C3B4BEC0-0B4C-4314-AF69-0377EB0486A6}.Release|iPhone.Build.0 = Release|x86
		{C3B4BEC0-0B4C-4314-AF69-0377EB0486A6}.Release|iPhone.Deploy.0 = Release|x86
		{C3B4BEC0-0B4C-4314-AF69-0377EB0486A6}.Release|iPhoneSimulator.ActiveCfg = Release|x86
		{C3B4BEC0-0B4C-4314-AF69-0377EB0486A6}.Release|iPhoneSimulator.Build.0 = Release|x86
		{C3B4BEC0-0B4C-4314-AF69-0377EB0486A6}.Release|iPhoneSimulator.Deploy.0 = Release|x86
		{C3B4BEC0-0B4C-4314-AF69-0377EB0486A6}.Release|x64.ActiveCfg = Release|x64
		{C3B4BEC0-0B4C-4314-AF69-0377EB0486A6}.Release|x64.Build.0 = Release|x64
		{C3B4BEC0-0B4C-4314-AF69-0377EB0486A6}.Release|x64.Deploy.0 = Release|x64
		{C3B4BEC0-0B4C-4314-AF69-0377EB0486A6}.Release|x86.ActiveCfg = Release|ARM
		{C3B4BEC0-0B4C-4314-AF69-0377EB0486A6}.Release|x86.Build.0 = Release|ARM
		{C3B4BEC0-0B4C-4314-AF69-0377EB0486A6}.Release|x86.Deploy.0 = Release|ARM
		{5924C2A9-69E6-4FAC-8A33-2241527335DA}.Debug|Any CPU.ActiveCfg = Debug|Any CPU
		{5924C2A9-69E6-4FAC-8A33-2241527335DA}.Debug|Any CPU.Build.0 = Debug|Any CPU
		{5924C2A9-69E6-4FAC-8A33-2241527335DA}.Debug|Any CPU.Deploy.0 = Debug|Any CPU
		{5924C2A9-69E6-4FAC-8A33-2241527335DA}.Debug|ARM.ActiveCfg = Debug|Any CPU
		{5924C2A9-69E6-4FAC-8A33-2241527335DA}.Debug|ARM.Build.0 = Debug|Any CPU
		{5924C2A9-69E6-4FAC-8A33-2241527335DA}.Debug|ARM.Deploy.0 = Debug|Any CPU
		{5924C2A9-69E6-4FAC-8A33-2241527335DA}.Debug|iPhone.ActiveCfg = Debug|Any CPU
		{5924C2A9-69E6-4FAC-8A33-2241527335DA}.Debug|iPhone.Build.0 = Debug|Any CPU
		{5924C2A9-69E6-4FAC-8A33-2241527335DA}.Debug|iPhone.Deploy.0 = Debug|Any CPU
		{5924C2A9-69E6-4FAC-8A33-2241527335DA}.Debug|iPhoneSimulator.ActiveCfg = Debug|Any CPU
		{5924C2A9-69E6-4FAC-8A33-2241527335DA}.Debug|iPhoneSimulator.Build.0 = Debug|Any CPU
		{5924C2A9-69E6-4FAC-8A33-2241527335DA}.Debug|iPhoneSimulator.Deploy.0 = Debug|Any CPU
		{5924C2A9-69E6-4FAC-8A33-2241527335DA}.Debug|x64.ActiveCfg = Debug|Any CPU
		{5924C2A9-69E6-4FAC-8A33-2241527335DA}.Debug|x64.Build.0 = Debug|Any CPU
		{5924C2A9-69E6-4FAC-8A33-2241527335DA}.Debug|x64.Deploy.0 = Debug|Any CPU
		{5924C2A9-69E6-4FAC-8A33-2241527335DA}.Debug|x86.ActiveCfg = Debug|Any CPU
		{5924C2A9-69E6-4FAC-8A33-2241527335DA}.Debug|x86.Build.0 = Debug|Any CPU
		{5924C2A9-69E6-4FAC-8A33-2241527335DA}.Debug|x86.Deploy.0 = Debug|Any CPU
		{5924C2A9-69E6-4FAC-8A33-2241527335DA}.Release|Any CPU.ActiveCfg = Release|Any CPU
		{5924C2A9-69E6-4FAC-8A33-2241527335DA}.Release|Any CPU.Build.0 = Release|Any CPU
		{5924C2A9-69E6-4FAC-8A33-2241527335DA}.Release|Any CPU.Deploy.0 = Release|Any CPU
		{5924C2A9-69E6-4FAC-8A33-2241527335DA}.Release|ARM.ActiveCfg = Release|Any CPU
		{5924C2A9-69E6-4FAC-8A33-2241527335DA}.Release|ARM.Build.0 = Release|Any CPU
		{5924C2A9-69E6-4FAC-8A33-2241527335DA}.Release|ARM.Deploy.0 = Release|Any CPU
		{5924C2A9-69E6-4FAC-8A33-2241527335DA}.Release|iPhone.ActiveCfg = Release|Any CPU
		{5924C2A9-69E6-4FAC-8A33-2241527335DA}.Release|iPhone.Build.0 = Release|Any CPU
		{5924C2A9-69E6-4FAC-8A33-2241527335DA}.Release|iPhone.Deploy.0 = Release|Any CPU
		{5924C2A9-69E6-4FAC-8A33-2241527335DA}.Release|iPhoneSimulator.ActiveCfg = Release|Any CPU
		{5924C2A9-69E6-4FAC-8A33-2241527335DA}.Release|iPhoneSimulator.Build.0 = Release|Any CPU
		{5924C2A9-69E6-4FAC-8A33-2241527335DA}.Release|iPhoneSimulator.Deploy.0 = Release|Any CPU
		{5924C2A9-69E6-4FAC-8A33-2241527335DA}.Release|x64.ActiveCfg = Release|Any CPU
		{5924C2A9-69E6-4FAC-8A33-2241527335DA}.Release|x64.Build.0 = Release|Any CPU
		{5924C2A9-69E6-4FAC-8A33-2241527335DA}.Release|x64.Deploy.0 = Release|Any CPU
		{5924C2A9-69E6-4FAC-8A33-2241527335DA}.Release|x86.ActiveCfg = Release|Any CPU
		{CD8C9B45-284B-4090-923E-E285E9258441}.Debug|Any CPU.ActiveCfg = Debug|iPhone
		{CD8C9B45-284B-4090-923E-E285E9258441}.Debug|Any CPU.Deploy.0 = Debug|iPhone
		{CD8C9B45-284B-4090-923E-E285E9258441}.Debug|ARM.ActiveCfg = Debug|iPhoneSimulator
		{CD8C9B45-284B-4090-923E-E285E9258441}.Debug|ARM.Build.0 = Debug|iPhoneSimulator
		{CD8C9B45-284B-4090-923E-E285E9258441}.Debug|ARM.Deploy.0 = Debug|iPhoneSimulator
		{CD8C9B45-284B-4090-923E-E285E9258441}.Debug|iPhone.ActiveCfg = Debug|iPhone
		{CD8C9B45-284B-4090-923E-E285E9258441}.Debug|iPhone.Build.0 = Debug|iPhone
		{CD8C9B45-284B-4090-923E-E285E9258441}.Debug|iPhone.Deploy.0 = Debug|iPhone
		{CD8C9B45-284B-4090-923E-E285E9258441}.Debug|iPhoneSimulator.ActiveCfg = Debug|iPhoneSimulator
		{CD8C9B45-284B-4090-923E-E285E9258441}.Debug|iPhoneSimulator.Build.0 = Debug|iPhoneSimulator
		{CD8C9B45-284B-4090-923E-E285E9258441}.Debug|iPhoneSimulator.Deploy.0 = Debug|iPhoneSimulator
		{CD8C9B45-284B-4090-923E-E285E9258441}.Debug|x64.ActiveCfg = Debug|iPhone
		{CD8C9B45-284B-4090-923E-E285E9258441}.Debug|x64.Build.0 = Debug|iPhone
		{CD8C9B45-284B-4090-923E-E285E9258441}.Debug|x64.Deploy.0 = Debug|iPhone
		{CD8C9B45-284B-4090-923E-E285E9258441}.Debug|x86.ActiveCfg = Debug|iPhone
		{CD8C9B45-284B-4090-923E-E285E9258441}.Debug|x86.Build.0 = Debug|iPhone
		{CD8C9B45-284B-4090-923E-E285E9258441}.Debug|x86.Deploy.0 = Debug|iPhone
		{CD8C9B45-284B-4090-923E-E285E9258441}.Release|Any CPU.ActiveCfg = Debug|iPhone
		{CD8C9B45-284B-4090-923E-E285E9258441}.Release|Any CPU.Deploy.0 = Debug|iPhone
		{CD8C9B45-284B-4090-923E-E285E9258441}.Release|ARM.ActiveCfg = Release|iPhone
		{CD8C9B45-284B-4090-923E-E285E9258441}.Release|ARM.Build.0 = Release|iPhone
		{CD8C9B45-284B-4090-923E-E285E9258441}.Release|ARM.Deploy.0 = Release|iPhone
		{CD8C9B45-284B-4090-923E-E285E9258441}.Release|iPhone.ActiveCfg = Release|iPhone
		{CD8C9B45-284B-4090-923E-E285E9258441}.Release|iPhone.Build.0 = Release|iPhone
		{CD8C9B45-284B-4090-923E-E285E9258441}.Release|iPhone.Deploy.0 = Release|iPhone
		{CD8C9B45-284B-4090-923E-E285E9258441}.Release|iPhoneSimulator.ActiveCfg = Release|iPhoneSimulator
		{CD8C9B45-284B-4090-923E-E285E9258441}.Release|iPhoneSimulator.Build.0 = Release|iPhoneSimulator
		{CD8C9B45-284B-4090-923E-E285E9258441}.Release|iPhoneSimulator.Deploy.0 = Release|iPhoneSimulator
		{CD8C9B45-284B-4090-923E-E285E9258441}.Release|x64.ActiveCfg = Release|iPhone
		{CD8C9B45-284B-4090-923E-E285E9258441}.Release|x64.Build.0 = Release|iPhone
		{CD8C9B45-284B-4090-923E-E285E9258441}.Release|x64.Deploy.0 = Release|iPhone
		{CD8C9B45-284B-4090-923E-E285E9258441}.Release|x86.ActiveCfg = Release|iPhone
		{CD8C9B45-284B-4090-923E-E285E9258441}.Release|x86.Deploy.0 = Release|iPhone
		{1E40441A-8B1D-482F-A207-0AC2B0BB1E7F}.Debug|Any CPU.ActiveCfg = Debug|Any CPU
		{1E40441A-8B1D-482F-A207-0AC2B0BB1E7F}.Debug|Any CPU.Build.0 = Debug|Any CPU
		{1E40441A-8B1D-482F-A207-0AC2B0BB1E7F}.Debug|Any CPU.Deploy.0 = Debug|Any CPU
		{1E40441A-8B1D-482F-A207-0AC2B0BB1E7F}.Debug|ARM.ActiveCfg = Debug|Any CPU
		{1E40441A-8B1D-482F-A207-0AC2B0BB1E7F}.Debug|ARM.Build.0 = Debug|Any CPU
		{1E40441A-8B1D-482F-A207-0AC2B0BB1E7F}.Debug|ARM.Deploy.0 = Debug|Any CPU
		{1E40441A-8B1D-482F-A207-0AC2B0BB1E7F}.Debug|iPhone.ActiveCfg = Debug|Any CPU
		{1E40441A-8B1D-482F-A207-0AC2B0BB1E7F}.Debug|iPhone.Build.0 = Debug|Any CPU
		{1E40441A-8B1D-482F-A207-0AC2B0BB1E7F}.Debug|iPhone.Deploy.0 = Debug|Any CPU
		{1E40441A-8B1D-482F-A207-0AC2B0BB1E7F}.Debug|iPhoneSimulator.ActiveCfg = Debug|Any CPU
		{1E40441A-8B1D-482F-A207-0AC2B0BB1E7F}.Debug|iPhoneSimulator.Build.0 = Debug|Any CPU
		{1E40441A-8B1D-482F-A207-0AC2B0BB1E7F}.Debug|iPhoneSimulator.Deploy.0 = Debug|Any CPU
		{1E40441A-8B1D-482F-A207-0AC2B0BB1E7F}.Debug|x64.ActiveCfg = Debug|Any CPU
		{1E40441A-8B1D-482F-A207-0AC2B0BB1E7F}.Debug|x64.Build.0 = Debug|Any CPU
		{1E40441A-8B1D-482F-A207-0AC2B0BB1E7F}.Debug|x64.Deploy.0 = Debug|Any CPU
		{1E40441A-8B1D-482F-A207-0AC2B0BB1E7F}.Debug|x86.ActiveCfg = Debug|Any CPU
		{1E40441A-8B1D-482F-A207-0AC2B0BB1E7F}.Debug|x86.Build.0 = Debug|Any CPU
		{1E40441A-8B1D-482F-A207-0AC2B0BB1E7F}.Debug|x86.Deploy.0 = Debug|Any CPU
		{1E40441A-8B1D-482F-A207-0AC2B0BB1E7F}.Release|Any CPU.ActiveCfg = Release|Any CPU
		{1E40441A-8B1D-482F-A207-0AC2B0BB1E7F}.Release|Any CPU.Build.0 = Release|Any CPU
		{1E40441A-8B1D-482F-A207-0AC2B0BB1E7F}.Release|Any CPU.Deploy.0 = Release|Any CPU
		{1E40441A-8B1D-482F-A207-0AC2B0BB1E7F}.Release|ARM.ActiveCfg = Release|Any CPU
		{1E40441A-8B1D-482F-A207-0AC2B0BB1E7F}.Release|ARM.Build.0 = Release|Any CPU
		{1E40441A-8B1D-482F-A207-0AC2B0BB1E7F}.Release|ARM.Deploy.0 = Release|Any CPU
		{1E40441A-8B1D-482F-A207-0AC2B0BB1E7F}.Release|iPhone.ActiveCfg = Release|Any CPU
		{1E40441A-8B1D-482F-A207-0AC2B0BB1E7F}.Release|iPhone.Build.0 = Release|Any CPU
		{1E40441A-8B1D-482F-A207-0AC2B0BB1E7F}.Release|iPhone.Deploy.0 = Release|Any CPU
		{1E40441A-8B1D-482F-A207-0AC2B0BB1E7F}.Release|iPhoneSimulator.ActiveCfg = Release|Any CPU
		{1E40441A-8B1D-482F-A207-0AC2B0BB1E7F}.Release|iPhoneSimulator.Build.0 = Release|Any CPU
		{1E40441A-8B1D-482F-A207-0AC2B0BB1E7F}.Release|iPhoneSimulator.Deploy.0 = Release|Any CPU
		{1E40441A-8B1D-482F-A207-0AC2B0BB1E7F}.Release|x64.ActiveCfg = Release|Any CPU
		{1E40441A-8B1D-482F-A207-0AC2B0BB1E7F}.Release|x64.Build.0 = Release|Any CPU
		{1E40441A-8B1D-482F-A207-0AC2B0BB1E7F}.Release|x64.Deploy.0 = Release|Any CPU
		{1E40441A-8B1D-482F-A207-0AC2B0BB1E7F}.Release|x86.ActiveCfg = Release|Any CPU
		{1E40441A-8B1D-482F-A207-0AC2B0BB1E7F}.Release|x86.Build.0 = Release|Any CPU
		{1E40441A-8B1D-482F-A207-0AC2B0BB1E7F}.Release|x86.Deploy.0 = Release|Any CPU
		{EA73D7C4-BFC1-4A1B-AD79-4C70698E4055}.Debug|Any CPU.ActiveCfg = Debug|Any CPU
		{EA73D7C4-BFC1-4A1B-AD79-4C70698E4055}.Debug|Any CPU.Build.0 = Debug|Any CPU
		{EA73D7C4-BFC1-4A1B-AD79-4C70698E4055}.Debug|ARM.ActiveCfg = Debug|Any CPU
		{EA73D7C4-BFC1-4A1B-AD79-4C70698E4055}.Debug|ARM.Build.0 = Debug|Any CPU
		{EA73D7C4-BFC1-4A1B-AD79-4C70698E4055}.Debug|iPhone.ActiveCfg = Debug|Any CPU
		{EA73D7C4-BFC1-4A1B-AD79-4C70698E4055}.Debug|iPhone.Build.0 = Debug|Any CPU
		{EA73D7C4-BFC1-4A1B-AD79-4C70698E4055}.Debug|iPhoneSimulator.ActiveCfg = Debug|Any CPU
		{EA73D7C4-BFC1-4A1B-AD79-4C70698E4055}.Debug|iPhoneSimulator.Build.0 = Debug|Any CPU
		{EA73D7C4-BFC1-4A1B-AD79-4C70698E4055}.Debug|x64.ActiveCfg = Debug|Any CPU
		{EA73D7C4-BFC1-4A1B-AD79-4C70698E4055}.Debug|x64.Build.0 = Debug|Any CPU
		{EA73D7C4-BFC1-4A1B-AD79-4C70698E4055}.Debug|x86.ActiveCfg = Debug|x86
		{EA73D7C4-BFC1-4A1B-AD79-4C70698E4055}.Debug|x86.Build.0 = Debug|x86
		{EA73D7C4-BFC1-4A1B-AD79-4C70698E4055}.Release|Any CPU.ActiveCfg = Release|Any CPU
		{EA73D7C4-BFC1-4A1B-AD79-4C70698E4055}.Release|Any CPU.Build.0 = Release|Any CPU
		{EA73D7C4-BFC1-4A1B-AD79-4C70698E4055}.Release|ARM.ActiveCfg = Release|Any CPU
		{EA73D7C4-BFC1-4A1B-AD79-4C70698E4055}.Release|ARM.Build.0 = Release|Any CPU
		{EA73D7C4-BFC1-4A1B-AD79-4C70698E4055}.Release|iPhone.ActiveCfg = Release|Any CPU
		{EA73D7C4-BFC1-4A1B-AD79-4C70698E4055}.Release|iPhone.Build.0 = Release|Any CPU
		{EA73D7C4-BFC1-4A1B-AD79-4C70698E4055}.Release|iPhoneSimulator.ActiveCfg = Release|Any CPU
		{EA73D7C4-BFC1-4A1B-AD79-4C70698E4055}.Release|iPhoneSimulator.Build.0 = Release|Any CPU
		{EA73D7C4-BFC1-4A1B-AD79-4C70698E4055}.Release|x64.ActiveCfg = Release|Any CPU
		{EA73D7C4-BFC1-4A1B-AD79-4C70698E4055}.Release|x64.Build.0 = Release|Any CPU
		{EA73D7C4-BFC1-4A1B-AD79-4C70698E4055}.Release|x86.ActiveCfg = Release|x86
		{EA73D7C4-BFC1-4A1B-AD79-4C70698E4055}.Release|x86.Build.0 = Release|x86
	EndGlobalSection
	GlobalSection(SolutionProperties) = preSolution
		HideSolutionNode = FALSE
	EndGlobalSection
	GlobalSection(NestedProjects) = preSolution
		{C3B4BEC0-0B4C-4314-AF69-0377EB0486A6} = {66B6C996-8807-4E17-96A8-26072E1A7256}
		{5924C2A9-69E6-4FAC-8A33-2241527335DA} = {66B6C996-8807-4E17-96A8-26072E1A7256}
		{CD8C9B45-284B-4090-923E-E285E9258441} = {66B6C996-8807-4E17-96A8-26072E1A7256}
		{1E40441A-8B1D-482F-A207-0AC2B0BB1E7F} = {66B6C996-8807-4E17-96A8-26072E1A7256}
		{4BB7B329-EB1B-4970-AD66-3D9A4DE4E39F} = {66B6C996-8807-4E17-96A8-26072E1A7256}
		{EA73D7C4-BFC1-4A1B-AD79-4C70698E4055} = {7F4C388A-05EE-4E57-9677-763F825620EE}
	EndGlobalSection
	GlobalSection(ExtensibilityGlobals) = postSolution
		SolutionGuid = {675635C6-3DF6-4038-B677-46262103DE14}
	EndGlobalSection
EndGlobal
